// !$*UTF8*$!
{
	archiveVersion = 1;
	classes = {
	};
	objectVersion = 77;
	objects = {

/* Begin PBXBuildFile section */
		70DA7A08302283A2005999A7 /* KeyboardShortcuts in Frameworks */ = {isa = PBXBuildFile; productRef = 70DA7A07302283A2005999A7 /* KeyboardShortcuts */; };
/* End PBXBuildFile section */

/* Begin PBXContainerItemProxy section */
		706DEC7630226FAD00E6F7A5 /* PBXContainerItemProxy */ = {
			isa = PBXContainerItemProxy;
			containerPortal = 706DEC6030226FAC00E6F7A5 /* Project object */;
			proxyType = 1;
			remoteGlobalIDString = 706DEC6730226FAC00E6F7A5;
			remoteInfo = Linklet;
		};
		706DEC8030226FAD00E6F7A5 /* PBXContainerItemProxy */ = {
			isa = PBXContainerItemProxy;
			containerPortal = 706DEC6030226FAC00E6F7A5 /* Project object */;
			proxyType = 1;
			remoteGlobalIDString = 706DEC6730226FAC00E6F7A5;
			remoteInfo = Linklet;
		};
/* End PBXContainerItemProxy section */

/* Begin PBXFileReference section */
		706DEC6830226FAC00E6F7A5 /* Linklet.app */ = {isa = PBXFileReference; explicitFileType = wrapper.application; includeInIndex = 0; path = Linklet.app; sourceTree = BUILT_PRODUCTS_DIR; };
		706DEC7530226FAD00E6F7A5 /* LinkletTests.xctest */ = {isa = PBXFileReference; explicitFileType = wrapper.cfbundle; includeInIndex = 0; path = LinkletTests.xctest; sourceTree = BUILT_PRODUCTS_DIR; };
		706DEC7F30226FAD00E6F7A5 /* LinkletUITests.xctest */ = {isa = PBXFileReference; explicitFileType = wrapper.cfbundle; includeInIndex = 0; path = LinkletUITests.xctest; sourceTree = BUILT_PRODUCTS_DIR; };
/* End PBXFileReference section */

/* Begin PBXFileSystemSynchronizedBuildFileExceptionSet section */
		70A1BE7030328D340045CF33 /* Exceptions for "Linklet" folder in "Linklet" target */ = {
			isa = PBXFileSystemSynchronizedBuildFileExceptionSet;
			membershipExceptions = (
				Info.plist,
			);
			target = 706DEC6730226FAC00E6F7A5 /* Linklet */;
		};
/* End PBXFileSystemSynchronizedBuildFileExceptionSet section */

/* Begin PBXFileSystemSynchronizedRootGroup section */
		706DEC6A30226FAC00E6F7A5 /* Linklet */ = {
			isa = PBXFileSystemSynchronizedRootGroup;
			exceptions = (
				70A1BE7030328D340045CF33 /* Exceptions for "Linklet" folder in "Linklet" target */,
			);
			path = Linklet;
			sourceTree = "<group>";
		};
		706DEC7830226FAD00E6F7A5 /* LinkletTests */ = {
			isa = PBXFileSystemSynchronizedRootGroup;
			path = LinkletTests;
			sourceTree = "<group>";
		};
		706DEC8230226FAD00E6F7A5 /* LinkletUITests */ = {
			isa = PBXFileSystemSynchronizedRootGroup;
			path = LinkletUITests;
			sourceTree = "<group>";
		};
/* End PBXFileSystemSynchronizedRootGroup section */

/* Begin PBXFrameworksBuildPhase section */
		706DEC6530226FAC00E6F7A5 /* Frameworks */ = {
			isa = PBXFrameworksBuildPhase;
			buildActionMask = 2147483647;
			files = (
				70DA7A08302283A2005999A7 /* KeyboardShortcuts in Frameworks */,
			);
			runOnlyForDeploymentPostprocessing = 0;
		};
		706DEC7230226FAD00E6F7A5 /* Frameworks */ = {
			isa = PBXFrameworksBuildPhase;
			buildActionMask = 2147483647;
			files = (
			);
			runOnlyForDeploymentPostprocessing = 0;
		};
		706DEC7C30226FAD00E6F7A5 /* Frameworks */ = {
			isa = PBXFrameworksBuildPhase;
			buildActionMask = 2147483647;
			files = (
			);
			runOnlyForDeploymentPostprocessing = 0;
		};
/* End PBXFrameworksBuildPhase section */

/* Begin PBXGroup section */
		706DEC5F30226FAC00E6F7A5 = {
			isa = PBXGroup;
			children = (
				706DEC6A30226FAC00E6F7A5 /* Linklet */,
				706DEC7830226FAD00E6F7A5 /* LinkletTests */,
				706DEC8230226FAD00E6F7A5 /* LinkletUITests */,
				70DA7A06302283A2005999A7 /* Frameworks */,
				706DEC6930226FAC00E6F7A5 /* Products */,
			);
			sourceTree = "<group>";
		};
		706DEC6930226FAC00E6F7A5 /* Products */ = {
			isa = PBXGroup;
			children = (
				706DEC6830226FAC00E6F7A5 /* Linklet.app */,
				706DEC7530226FAD00E6F7A5 /* LinkletTests.xctest */,
				706DEC7F30226FAD00E6F7A5 /* LinkletUITests.xctest */,
			);
			name = Products;
			sourceTree = "<group>";
		};
		70DA7A06302283A2005999A7 /* Frameworks */ = {
			isa = PBXGroup;
			children = (
			);
			name = Frameworks;
			sourceTree = "<group>";
		};
/* End PBXGroup section */

/* Begin PBXNativeTarget section */
		706DEC6730226FAC00E6F7A5 /* Linklet */ = {
			isa = PBXNativeTarget;
			buildConfigurationList = 706DEC8930226FAD00E6F7A5 /* Build configuration list for PBXNativeTarget "Linklet" */;
			buildPhases = (
				706DEC6430226FAC00E6F7A5 /* Sources */,
				706DEC6530226FAC00E6F7A5 /* Frameworks */,
				706DEC6630226FAC00E6F7A5 /* Resources */,
			);
			buildRules = (
			);
			dependencies = (
			);
			fileSystemSynchronizedGroups = (
				706DEC6A30226FAC00E6F7A5 /* Linklet */,
			);
			name = Linklet;
			packageProductDependencies = (
				70DA7A07302283A2005999A7 /* KeyboardShortcuts */,
			);
			productName = Linklet;
			productReference = 706DEC6830226FAC00E6F7A5 /* Linklet.app */;
			productType = "com.apple.product-type.application";
		};
		706DEC7430226FAD00E6F7A5 /* LinkletTests */ = {
			isa = PBXNativeTarget;
			buildConfigurationList = 706DEC8C30226FAD00E6F7A5 /* Build configuration list for PBXNativeTarget "LinkletTests" */;
			buildPhases = (
				706DEC7130226FAD00E6F7A5 /* Sources */,
				706DEC7230226FAD00E6F7A5 /* Frameworks */,
				706DEC7330226FAD00E6F7A5 /* Resources */,
			);
			buildRules = (
			);
			dependencies = (
				706DEC7730226FAD00E6F7A5 /* PBXTargetDependency */,
			);
			fileSystemSynchronizedGroups = (
				706DEC7830226FAD00E6F7A5 /* LinkletTests */,
			);
			name = LinkletTests;
			packageProductDependencies = (
			);
			productName = LinkletTests;
			productReference = 706DEC7530226FAD00E6F7A5 /* LinkletTests.xctest */;
			productType = "com.apple.product-type.bundle.unit-test";
		};
		706DEC7E30226FAD00E6F7A5 /* LinkletUITests */ = {
			isa = PBXNativeTarget;
			buildConfigurationList = 706DEC8F30226FAD00E6F7A5 /* Build configuration list for PBXNativeTarget "LinkletUITests" */;
			buildPhases = (
				706DEC7B30226FAD00E6F7A5 /* Sources */,
				706DEC7C30226FAD00E6F7A5 /* Frameworks */,
				706DEC7D30226FAD00E6F7A5 /* Resources */,
			);
			buildRules = (
			);
			dependencies = (
				706DEC8130226FAD00E6F7A5 /* PBXTargetDependency */,
			);
			fileSystemSynchronizedGroups = (
				706DEC8230226FAD00E6F7A5 /* LinkletUITests */,
			);
			name = LinkletUITests;
			packageProductDependencies = (
			);
			productName = LinkletUITests;
			productReference = 706DEC7F30226FAD00E6F7A5 /* LinkletUITests.xctest */;
			productType = "com.apple.product-type.bundle.ui-testing";
		};
/* End PBXNativeTarget section */

/* Begin PBXProject section */
		706DEC6030226FAC00E6F7A5 /* Project object */ = {
			isa = PBXProject;
			attributes = {
				BuildIndependentTargetsInParallel = 1;
				KnownAssetTags = (
					New,
				);
				LastSwiftUpdateCheck = 2650;
				LastUpgradeCheck = 2650;
				TargetAttributes = {
					706DEC6730226FAC00E6F7A5 = {
						CreatedOnToolsVersion = 26.5;
					};
					706DEC7430226FAD00E6F7A5 = {
						CreatedOnToolsVersion = 26.5;
						TestTargetID = 706DEC6730226FAC00E6F7A5;
					};
					706DEC7E30226FAD00E6F7A5 = {
						CreatedOnToolsVersion = 26.5;
						TestTargetID = 706DEC6730226FAC00E6F7A5;
					};
				};
			};
			buildConfigurationList = 706DEC6330226FAC00E6F7A5 /* Build configuration list for PBXProject "Linklet" */;
			developmentRegion = en;
			hasScannedForEncodings = 0;
			knownRegions = (
				en,
				Base,
			);
			mainGroup = 706DEC5F30226FAC00E6F7A5;
			minimizedProjectReferenceProxies = 1;
			packageReferences = (
				706DEC99302277D800E6F7A5 /* XCRemoteSwiftPackageReference "KeyboardShortcuts" */,
			);
			preferredProjectObjectVersion = 77;
			productRefGroup = 706DEC6930226FAC00E6F7A5 /* Products */;
			projectDirPath = "";
			projectRoot = "";
			targets = (
				706DEC6730226FAC00E6F7A5 /* Linklet */,
				706DEC7430226FAD00E6F7A5 /* LinkletTests */,
				706DEC7E30226FAD00E6F7A5 /* LinkletUITests */,
			);
		};
/* End PBXProject section */

/* Begin PBXResourcesBuildPhase section */
		706DEC6630226FAC00E6F7A5 /* Resources */ = {
			isa = PBXResourcesBuildPhase;
			buildActionMask = 2147483647;
			files = (
			);
			runOnlyForDeploymentPostprocessing = 0;
		};
		706DEC7330226FAD00E6F7A5 /* Resources */ = {
			isa = PBXResourcesBuildPhase;
			buildActionMask = 2147483647;
			files = (
			);
			runOnlyForDeploymentPostprocessing = 0;
		};
		706DEC7D30226FAD00E6F7A5 /* Resources */ = {
			isa = PBXResourcesBuildPhase;
			buildActionMask = 2147483647;
			files = (
			);
			runOnlyForDeploymentPostprocessing = 0;
		};
/* End PBXResourcesBuildPhase section */

/* Begin PBXSourcesBuildPhase section */
		706DEC6430226FAC00E6F7A5 /* Sources */ = {
			isa = PBXSourcesBuildPhase;
			buildActionMask = 2147483647;
			files = (
			);
			runOnlyForDeploymentPostprocessing = 0;
		};
		706DEC7130226FAD00E6F7A5 /* Sources */ = {
			isa = PBXSourcesBuildPhase;
			buildActionMask = 2147483647;
			files = (
			);
			runOnlyForDeploymentPostprocessing = 0;
		};
		706DEC7B30226FAD00E6F7A5 /* Sources */ = {
			isa = PBXSourcesBuildPhase;
			buildActionMask = 2147483647;
			files = (
			);
			runOnlyForDeploymentPostprocessing = 0;
		};
/* End PBXSourcesBuildPhase section */

/* Begin PBXTargetDependency section */
		706DEC7730226FAD00E6F7A5 /* PBXTargetDependency */ = {
			isa = PBXTargetDependency;
			target = 706DEC6730226FAC00E6F7A5 /* Linklet */;
			targetProxy = 706DEC7630226FAD00E6F7A5 /* PBXContainerItemProxy */;
		};
		706DEC8130226FAD00E6F7A5 /* PBXTargetDependency */ = {
			isa = PBXTargetDependency;
			target = 706DEC6730226FAC00E6F7A5 /* Linklet */;
			targetProxy = 706DEC8030226FAD00E6F7A5 /* PBXContainerItemProxy */;
		};
/* End PBXTargetDependency section */

/* Begin XCBuildConfiguration section */
		706DEC8730226FAD00E6F7A5 /* Debug */ = {
			isa = XCBuildConfiguration;
			buildSettings = {
				ALWAYS_SEARCH_USER_PATHS = NO;
				ASSETCATALOG_COMPILER_GENERATE_SWIFT_ASSET_SYMBOL_EXTENSIONS = YES;
				CLANG_ANALYZER_NONNULL = YES;
				CLANG_ANALYZER_NUMBER_OBJECT_CONVERSION = YES_AGGRESSIVE;
				CLANG_CXX_LANGUAGE_STANDARD = "gnu++20";
				CLANG_ENABLE_MODULES = YES;
				CLANG_ENABLE_OBJC_ARC = YES;
				CLANG_ENABLE_OBJC_WEAK = YES;
				CLANG_WARN_BLOCK_CAPTURE_AUTORELEASING = YES;
				CLANG_WARN_BOOL_CONVERSION = YES;
				CLANG_WARN_COMMA = YES;
				CLANG_WARN_CONSTANT_CONVERSION = YES;
				CLANG_WARN_DEPRECATED_OBJC_IMPLEMENTATIONS = YES;
				CLANG_WARN_DIRECT_OBJC_ISA_USAGE = YES_ERROR;
				CLANG_WARN_DOCUMENTATION_COMMENTS = YES;
				CLANG_WARN_EMPTY_BODY = YES;
				CLANG_WARN_ENUM_CONVERSION = YES;
				CLANG_WARN_INFINITE_RECURSION = YES;
				CLANG_WARN_INT_CONVERSION = YES;
				CLANG_WARN_NON_LITERAL_NULL_CONVERSION = YES;
				CLANG_WARN_OBJC_IMPLICIT_RETAIN_SELF = YES;
				CLANG_WARN_OBJC_LITERAL_CONVERSION = YES;
				CLANG_WARN_OBJC_ROOT_CLASS = YES_ERROR;
				CLANG_WARN_QUOTED_INCLUDE_IN_FRAMEWORK_HEADER = YES;
				CLANG_WARN_RANGE_LOOP_ANALYSIS = YES;
				CLANG_WARN_STRICT_PROTOTYPES = YES;
				CLANG_WARN_SUSPICIOUS_MOVE = YES;
				CLANG_WARN_UNGUARDED_AVAILABILITY = YES_AGGRESSIVE;
				CLANG_WARN_UNREACHABLE_CODE = YES;
				CLANG_WARN__DUPLICATE_METHOD_MATCH = YES;
				COPY_PHASE_STRIP = NO;
				DEBUG_INFORMATION_FORMAT = dwarf;
				ENABLE_STRICT_OBJC_MSGSEND = YES;
				ENABLE_TESTABILITY = YES;
				ENABLE_USER_SCRIPT_SANDBOXING = NO;
				GCC_C_LANGUAGE_STANDARD = gnu17;
				GCC_DYNAMIC_NO_PIC = NO;
				GCC_NO_COMMON_BLOCKS = YES;
				GCC_OPTIMIZATION_LEVEL = 0;
				GCC_PREPROCESSOR_DEFINITIONS = (
					"DEBUG=1",
					"$(inherited)",
				);
				GCC_WARN_64_TO_32_BIT_CONVERSION = YES;
				GCC_WARN_ABOUT_RETURN_TYPE = YES_ERROR;
				GCC_WARN_UNDECLARED_SELECTOR = YES;
				GCC_WARN_UNINITIALIZED_AUTOS = YES_AGGRESSIVE;
				GCC_WARN_UNUSED_FUNCTION = YES;
				GCC_WARN_UNUSED_VARIABLE = YES;
				INFOPLIST_KEY_LSUIElement = YES;
				LOCALIZATION_PREFERS_STRING_CATALOGS = YES;
				MACOSX_DEPLOYMENT_TARGET = 26.4;
				MTL_ENABLE_DEBUG_INFO = INCLUDE_SOURCE;
				MTL_FAST_MATH = YES;
				ONLY_ACTIVE_ARCH = YES;
				SDKROOT = macosx;
				SWIFT_ACTIVE_COMPILATION_CONDITIONS = "DEBUG $(inherited)";
				SWIFT_OPTIMIZATION_LEVEL = "-Onone";
			};
			name = Debug;
		};
		706DEC8830226FAD00E6F7A5 /* Release */ = {
			isa = XCBuildConfiguration;
			buildSettings = {
				ALWAYS_SEARCH_USER_PATHS = NO;
				ASSETCATALOG_COMPILER_GENERATE_SWIFT_ASSET_SYMBOL_EXTENSIONS = YES;
				CLANG_ANALYZER_NONNULL = YES;
				CLANG_ANALYZER_NUMBER_OBJECT_CONVERSION = YES_AGGRESSIVE;
				CLANG_CXX_LANGUAGE_STANDARD = "gnu++20";
				CLANG_ENABLE_MODULES = YES;
				CLANG_ENABLE_OBJC_ARC = YES;
				CLANG_ENABLE_OBJC_WEAK = YES;
				CLANG_WARN_BLOCK_CAPTURE_AUTORELEASING = YES;
				CLANG_WARN_BOOL_CONVERSION = YES;
				CLANG_WARN_COMMA = YES;
				CLANG_WARN_CONSTANT_CONVERSION = YES;
				CLANG_WARN_DEPRECATED_OBJC_IMPLEMENTATIONS = YES;
				CLANG_WARN_DIRECT_OBJC_ISA_USAGE = YES_ERROR;
				CLANG_WARN_DOCUMENTATION_COMMENTS = YES;
				CLANG_WARN_EMPTY_BODY = YES;
				CLANG_WARN_ENUM_CONVERSION = YES;
				CLANG_WARN_INFINITE_RECURSION = YES;
				CLANG_WARN_INT_CONVERSION = YES;
				CLANG_WARN_NON_LITERAL_NULL_CONVERSION = YES;
				CLANG_WARN_OBJC_IMPLICIT_RETAIN_SELF = YES;
				CLANG_WARN_OBJC_LITERAL_CONVERSION = YES;
				CLANG_WARN_OBJC_ROOT_CLASS = YES_ERROR;
				CLANG_WARN_QUOTED_INCLUDE_IN_FRAMEWORK_HEADER = YES;
				CLANG_WARN_RANGE_LOOP_ANALYSIS = YES;
				CLANG_WARN_STRICT_PROTOTYPES = YES;
				CLANG_WARN_SUSPICIOUS_MOVE = YES;
				CLANG_WARN_UNGUARDED_AVAILABILITY = YES_AGGRESSIVE;
				CLANG_WARN_UNREACHABLE_CODE = YES;
				CLANG_WARN__DUPLICATE_METHOD_MATCH = YES;
				COPY_PHASE_STRIP = NO;
				DEBUG_INFORMATION_FORMAT = "dwarf-with-dsym";
				ENABLE_NS_ASSERTIONS = NO;
				ENABLE_STRICT_OBJC_MSGSEND = YES;
				ENABLE_USER_SCRIPT_SANDBOXING = NO;
				GCC_C_LANGUAGE_STANDARD = gnu17;
				GCC_NO_COMMON_BLOCKS = YES;
				GCC_WARN_64_TO_32_BIT_CONVERSION = YES;
				GCC_WARN_ABOUT_RETURN_TYPE = YES_ERROR;
				GCC_WARN_UNDECLARED_SELECTOR = YES;
				GCC_WARN_UNINITIALIZED_AUTOS = YES_AGGRESSIVE;
				GCC_WARN_UNUSED_FUNCTION = YES;
				GCC_WARN_UNUSED_VARIABLE = YES;
				INFOPLIST_KEY_LSUIElement = YES;
				LOCALIZATION_PREFERS_STRING_CATALOGS = YES;
				MACOSX_DEPLOYMENT_TARGET = 26.4;
				MTL_ENABLE_DEBUG_INFO = NO;
				MTL_FAST_MATH = YES;
				SDKROOT = macosx;
				SWIFT_COMPILATION_MODE = wholemodule;
			};
			name = Release;
		};
		706DEC8A30226FAD00E6F7A5 /* Debug */ = {
			isa = XCBuildConfiguration;
			buildSettings = {
				ASSETCATALOG_COMPILER_APPICON_NAME = AppIcon;
				ASSETCATALOG_COMPILER_GLOBAL_ACCENT_COLOR_NAME = AccentColor;
				CODE_SIGN_STYLE = Automatic;
				COMBINE_HIDPI_IMAGES = YES;
				CURRENT_PROJECT_VERSION = 1;
				ENABLE_APP_SANDBOX = NO;
				ENABLE_PREVIEWS = YES;
				GENERATE_INFOPLIST_FILE = YES;
				INFOPLIST_FILE = Linklet/Info.plist;
				INFOPLIST_KEY_LSUIElement = YES;
				INFOPLIST_KEY_NSHumanReadableCopyright = "";
				LD_RUNPATH_SEARCH_PATHS = (
					"$(inherited)",
					"@executable_path/../Frameworks",
				);
				MARKETING_VERSION = 1.0;
				PRODUCT_BUNDLE_IDENTIFIER = com.linklet.Linklet;
				PRODUCT_NAME = "$(TARGET_NAME)";
				REGISTER_APP_GROUPS = YES;
				STRING_CATALOG_GENERATE_SYMBOLS = YES;
				SWIFT_APPROACHABLE_CONCURRENCY = YES;
				SWIFT_DEFAULT_ACTOR_ISOLATION = MainActor;
				SWIFT_EMIT_LOC_STRINGS = YES;
				SWIFT_UPCOMING_FEATURE_MEMBER_IMPORT_VISIBILITY = YES;
				SWIFT_VERSION = 5.0;
			};
			name = Debug;
		};
		706DEC8B30226FAD00E6F7A5 /* Release */ = {
			isa = XCBuildConfiguration;
			buildSettings = {
				ASSETCATALOG_COMPILER_APPICON_NAME = AppIcon;
				ASSETCATALOG_COMPILER_GLOBAL_ACCENT_COLOR_NAME = AccentColor;
				CODE_SIGN_STYLE = Automatic;
				COMBINE_HIDPI_IMAGES = YES;
				CURRENT_PROJECT_VERSION = 1;
				ENABLE_APP_SANDBOX = NO;
				ENABLE_PREVIEWS = YES;
				GENERATE_INFOPLIST_FILE = YES;
				INFOPLIST_FILE = Linklet/Info.plist;
				INFOPLIST_KEY_LSUIElement = YES;
				INFOPLIST_KEY_NSHumanReadableCopyright = "";
				LD_RUNPATH_SEARCH_PATHS = (
					"$(inherited)",
					"@executable_path/../Frameworks",
				);
				MARKETING_VERSION = 1.0;
				PRODUCT_BUNDLE_IDENTIFIER = com.linklet.Linklet;
				PRODUCT_NAME = "$(TARGET_NAME)";
				REGISTER_APP_GROUPS = YES;
				STRING_CATALOG_GENERATE_SYMBOLS = YES;
				SWIFT_APPROACHABLE_CONCURRENCY = YES;
				SWIFT_DEFAULT_ACTOR_ISOLATION = MainActor;
				SWIFT_EMIT_LOC_STRINGS = YES;
				SWIFT_UPCOMING_FEATURE_MEMBER_IMPORT_VISIBILITY = YES;
				SWIFT_VERSION = 5.0;
			};
			name = Release;
		};
		706DEC8D30226FAD00E6F7A5 /* Debug */ = {
			isa = XCBuildConfiguration;
			buildSettings = {
				BUNDLE_LOADER = "$(TEST_HOST)";
				CODE_SIGN_STYLE = Automatic;
				CURRENT_PROJECT_VERSION = 1;
				GENERATE_INFOPLIST_FILE = YES;
				MACOSX_DEPLOYMENT_TARGET = 26.4;
				MARKETING_VERSION = 1.0;
				PRODUCT_BUNDLE_IDENTIFIER = com.linklet.LinkletTests;
				PRODUCT_NAME = "$(TARGET_NAME)";
				STRING_CATALOG_GENERATE_SYMBOLS = NO;
				SWIFT_APPROACHABLE_CONCURRENCY = YES;
				SWIFT_EMIT_LOC_STRINGS = NO;
				SWIFT_UPCOMING_FEATURE_MEMBER_IMPORT_VISIBILITY = YES;
				SWIFT_VERSION = 5.0;
				TEST_HOST = "$(BUILT_PRODUCTS_DIR)/Linklet.app/$(BUNDLE_EXECUTABLE_FOLDER_PATH)/Linklet";
			};
			name = Debug;
		};
		706DEC8E30226FAD00E6F7A5 /* Release */ = {
			isa = XCBuildConfiguration;
			buildSettings = {
				BUNDLE_LOADER = "$(TEST_HOST)";
				CODE_SIGN_STYLE = Automatic;
				CURRENT_PROJECT_VERSION = 1;
				GENERATE_INFOPLIST_FILE = YES;
				MACOSX_DEPLOYMENT_TARGET = 26.4;
				MARKETING_VERSION = 1.0;
				PRODUCT_BUNDLE_IDENTIFIER = com.linklet.LinkletTests;
				PRODUCT_NAME = "$(TARGET_NAME)";
				STRING_CATALOG_GENERATE_SYMBOLS = NO;
				SWIFT_APPROACHABLE_CONCURRENCY = YES;
				SWIFT_EMIT_LOC_STRINGS = NO;
				SWIFT_UPCOMING_FEATURE_MEMBER_IMPORT_VISIBILITY = YES;
				SWIFT_VERSION = 5.0;
				TEST_HOST = "$(BUILT_PRODUCTS_DIR)/Linklet.app/$(BUNDLE_EXECUTABLE_FOLDER_PATH)/Linklet";
			};
			name = Release;
		};
		706DEC9030226FAD00E6F7A5 /* Debug */ = {
			isa = XCBuildConfiguration;
			buildSettings = {
				CODE_SIGN_STYLE = Automatic;
				CURRENT_PROJECT_VERSION = 1;
				GENERATE_INFOPLIST_FILE = YES;
				MARKETING_VERSION = 1.0;
				PRODUCT_BUNDLE_IDENTIFIER = com.linklet.LinkletUITests;
				PRODUCT_NAME = "$(TARGET_NAME)";
				STRING_CATALOG_GENERATE_SYMBOLS = NO;
				SWIFT_APPROACHABLE_CONCURRENCY = YES;
				SWIFT_EMIT_LOC_STRINGS = NO;
				SWIFT_UPCOMING_FEATURE_MEMBER_IMPORT_VISIBILITY = YES;
				SWIFT_VERSION = 5.0;
				TEST_TARGET_NAME = Linklet;
			};
			name = Debug;
		};
		706DEC9130226FAD00E6F7A5 /* Release */ = {
			isa = XCBuildConfiguration;
			buildSettings = {
				CODE_SIGN_STYLE = Automatic;
				CURRENT_PROJECT_VERSION = 1;
				GENERATE_INFOPLIST_FILE = YES;
				MARKETING_VERSION = 1.0;
				PRODUCT_BUNDLE_IDENTIFIER = com.linklet.LinkletUITests;
				PRODUCT_NAME = "$(TARGET_NAME)";
				STRING_CATALOG_GENERATE_SYMBOLS = NO;
				SWIFT_APPROACHABLE_CONCURRENCY = YES;
				SWIFT_EMIT_LOC_STRINGS = NO;
				SWIFT_UPCOMING_FEATURE_MEMBER_IMPORT_VISIBILITY = YES;
				SWIFT_VERSION = 5.0;
				TEST_TARGET_NAME = Linklet;
			};
			name = Release;
		};
/* End XCBuildConfiguration section */

/* Begin XCConfigurationList section */
		706DEC6330226FAC00E6F7A5 /* Build configuration list for PBXProject "Linklet" */ = {
			isa = XCConfigurationList;
			buildConfigurations = (
				706DEC8730226FAD00E6F7A5 /* Debug */,
				706DEC8830226FAD00E6F7A5 /* Release */,
			);
			defaultConfigurationIsVisible = 0;
			defaultConfigurationName = Release;
		};
		706DEC8930226FAD00E6F7A5 /* Build configuration list for PBXNativeTarget "Linklet" */ = {
			isa = XCConfigurationList;
			buildConfigurations = (
				706DEC8A30226FAD00E6F7A5 /* Debug */,
				706DEC8B30226FAD00E6F7A5 /* Release */,
			);
			defaultConfigurationIsVisible = 0;
			defaultConfigurationName = Release;
		};
		706DEC8C30226FAD00E6F7A5 /* Build configuration list for PBXNativeTarget "LinkletTests" */ = {
			isa = XCConfigurationList;
			buildConfigurations = (
				706DEC8D30226FAD00E6F7A5 /* Debug */,
				706DEC8E30226FAD00E6F7A5 /* Release */,
			);
			defaultConfigurationIsVisible = 0;
			defaultConfigurationName = Release;
		};
		706DEC8F30226FAD00E6F7A5 /* Build configuration list for PBXNativeTarget "LinkletUITests" */ = {
			isa = XCConfigurationList;
			buildConfigurations = (
				706DEC9030226FAD00E6F7A5 /* Debug */,
				706DEC9130226FAD00E6F7A5 /* Release */,
			);
			defaultConfigurationIsVisible = 0;
			defaultConfigurationName = Release;
		};
/* End XCConfigurationList section */

/* Begin XCRemoteSwiftPackageReference section */
		706DEC99302277D800E6F7A5 /* XCRemoteSwiftPackageReference "KeyboardShortcuts" */ = {
			isa = XCRemoteSwiftPackageReference;
			repositoryURL = "https://github.com/sindresorhus/KeyboardShortcuts";
			requirement = {
				kind = upToNextMajorVersion;
				minimumVersion = 3.0.1;
			};
		};
/* End XCRemoteSwiftPackageReference section */

/* Begin XCSwiftPackageProductDependency section */
		70DA7A07302283A2005999A7 /* KeyboardShortcuts */ = {
			isa = XCSwiftPackageProductDependency;
			package = 706DEC99302277D800E6F7A5 /* XCRemoteSwiftPackageReference "KeyboardShortcuts" */;
			productName = KeyboardShortcuts;
		};
/* End XCSwiftPackageProductDependency section */
	};
	rootObject = 706DEC6030226FAC00E6F7A5 /* Project object */;
}
